// !$*UTF8*$!
{
	archiveVersion = 1;
	classes = {
	};
	objectVersion = 46;
	objects = {

/* Begin PBXBuildFile section */
		971957831C760B360069C7B4 /* SYHomeTableViewCell.swift in Sources */ = {isa = PBXBuildFile; fileRef = 971957821C760B360069C7B4 /* SYHomeTableViewCell.swift */; };
		9795DF771C7456E600F4307F /* AppDelegate.swift in Sources */ = {isa = PBXBuildFile; fileRef = 9795DF761C7456E600F4307F /* AppDelegate.swift */; };
		9795DF7C1C7456E600F4307F /* Main.storyboard in Resources */ = {isa = PBXBuildFile; fileRef = 9795DF7A1C7456E600F4307F /* Main.storyboard */; };
		9795DF7E1C7456E600F4307F /* Assets.xcassets in Resources */ = {isa = PBXBuildFile; fileRef = 9795DF7D1C7456E600F4307F /* Assets.xcassets */; };
		9795DF811C7456E600F4307F /* LaunchScreen.storyboard in Resources */ = {isa = PBXBuildFile; fileRef = 9795DF7F1C7456E600F4307F /* LaunchScreen.storyboard */; };
		9795DF901C7460F800F4307F /* SYHomeViewController.swift in Sources */ = {isa = PBXBuildFile; fileRef = 9795DF8B1C7460F800F4307F /* SYHomeViewController.swift */; };
		9795DF921C74615C00F4307F /* SYHomeModel.swift in Sources */ = {isa = PBXBuildFile; fileRef = 9795DF911C74615C00F4307F /* SYHomeModel.swift */; };
		9795DF941C74617800F4307F /* SYRankingViewController.swift in Sources */ = {isa = PBXBuildFile; fileRef = 9795DF931C74617800F4307F /* SYRankingViewController.swift */; };
		9795DF961C74619A00F4307F /* SYRankingModel.swift in Sources */ = {isa = PBXBuildFile; fileRef = 9795DF951C74619A00F4307F /* SYRankingModel.swift */; };
		9795DF9B1C746A3800F4307F /* SYDataBaseManager.swift in Sources */ = {isa = PBXBuildFile; fileRef = 9795DF9A1C746A3800F4307F /* SYDataBaseManager.swift */; };
		9795DF9D1C746A4500F4307F /* SYHttpManager.swift in Sources */ = {isa = PBXBuildFile; fileRef = 9795DF9C1C746A4500F4307F /* SYHttpManager.swift */; };
		9795DFA11C74714E00F4307F /* BaseManager.swift in Sources */ = {isa = PBXBuildFile; fileRef = 9795DFA01C74714E00F4307F /* BaseManager.swift */; };
		9795DFA31C748BFB00F4307F /* Default-568h@2x.png in Resources */ = {isa = PBXBuildFile; fileRef = 9795DFA21C748BFB00F4307F /* Default-568h@2x.png */; };
		97FB57D01C7AAE9F00CF06BA /* SYListDetailViewController.swift in Sources */ = {isa = PBXBuildFile; fileRef = 97FB57CF1C7AAE9F00CF06BA /* SYListDetailViewController.swift */; };
		97FB57D21C7AAEBA00CF06BA /* SYListDetailModel.swift in Sources */ = {isa = PBXBuildFile; fileRef = 97FB57D11C7AAEBA00CF06BA /* SYListDetailModel.swift */; };
		97FB57D41C7AAEDA00CF06BA /* SYListDetailTableViewCell.swift in Sources */ = {isa = PBXBuildFile; fileRef = 97FB57D31C7AAEDA00CF06BA /* SYListDetailTableViewCell.swift */; };
		97FB57D61C7B41B200CF06BA /* SYListQuestionTableViewCell.swift in Sources */ = {isa = PBXBuildFile; fileRef = 97FB57D51C7B41B200CF06BA /* SYListQuestionTableViewCell.swift */; };
		97FCFAB21C7C5B4700AD78FA /* universalManager.swift in Sources */ = {isa = PBXBuildFile; fileRef = 97FCFAB11C7C5B4700AD78FA /* universalManager.swift */; };
		97FCFAB61C7D69F500AD78FA /* SYArticleDetailViewController.swift in Sources */ = {isa = PBXBuildFile; fileRef = 97FCFAB51C7D69F500AD78FA /* SYArticleDetailViewController.swift */; };
		97FCFABE1C7F168500AD78FA /* SYUserViewController.swift in Sources */ = {isa = PBXBuildFile; fileRef = 97FCFABD1C7F168500AD78FA /* SYUserViewController.swift */; };
		97FCFAC01C7F169900AD78FA /* SYUserModel.swift in Sources */ = {isa = PBXBuildFile; fileRef = 97FCFABF1C7F169900AD78FA /* SYUserModel.swift */; };
		97FCFAC21C7F16B400AD78FA /* SYUserTableViewCell.swift in Sources */ = {isa = PBXBuildFile; fileRef = 97FCFAC11C7F16B400AD78FA /* SYUserTableViewCell.swift */; };
		97FCFAC41C7FF96400AD78FA /* SYHighAnswerTableViewCell.swift in Sources */ = {isa = PBXBuildFile; fileRef = 97FCFAC31C7FF96400AD78FA /* SYHighAnswerTableViewCell.swift */; };
		97FCFAC61C83FF9C00AD78FA /* SYConsentViewController.swift in Sources */ = {isa = PBXBuildFile; fileRef = 97FCFAC51C83FF9C00AD78FA /* SYConsentViewController.swift */; };
		97FCFAC81C84029A00AD78FA /* SYConsentTableViewCell.swift in Sources */ = {isa = PBXBuildFile; fileRef = 97FCFAC71C84029A00AD78FA /* SYConsentTableViewCell.swift */; };
		97FCFACA1C8403C200AD78FA /* SYConsentModel.swift in Sources */ = {isa = PBXBuildFile; fileRef = 97FCFAC91C8403C200AD78FA /* SYConsentModel.swift */; };
		97FCFACD1C85472300AD78FA /* SYTopUserTableViewCell.swift in Sources */ = {isa = PBXBuildFile; fileRef = 97FCFACC1C85472300AD78FA /* SYTopUserTableViewCell.swift */; };
		E693E3F9B2F0103737595E3A /* Pods_SYKanZhihu.framework in Frameworks */ = {isa = PBXBuildFile; fileRef = 93E78118EC9848EA0695C229 /* Pods_SYKanZhihu.framework */; };
/* End PBXBuildFile section */

/* Begin PBXFileReference section */
		640B06AFF76B11A9913F9F57 /* Pods-SYKanZhihu.release.xcconfig */ = {isa = PBXFileReference; includeInIndex = 1; lastKnownFileType = text.xcconfig; name = "Pods-SYKanZhihu.release.xcconfig"; path = "Pods/Target Support Files/Pods-SYKanZhihu/Pods-SYKanZhihu.release.xcconfig"; sourceTree = "<group>"; };
		93E78118EC9848EA0695C229 /* Pods_SYKanZhihu.framework */ = {isa = PBXFileReference; explicitFileType = wrapper.framework; includeInIndex = 0; path = Pods_SYKanZhihu.framework; sourceTree = BUILT_PRODUCTS_DIR; };
		971957821C760B360069C7B4 /* SYHomeTableViewCell.swift */ = {isa = PBXFileReference; fileEncoding = 4; lastKnownFileType = sourcecode.swift; path = SYHomeTableViewCell.swift; sourceTree = "<group>"; };
		9795DF731C7456E600F4307F /* SYKanZhihu.app */ = {isa = PBXFileReference; explicitFileType = wrapper.application; includeInIndex = 0; path = SYKanZhihu.app; sourceTree = BUILT_PRODUCTS_DIR; };
		9795DF761C7456E600F4307F /* AppDelegate.swift */ = {isa = PBXFileReference; lastKnownFileType = sourcecode.swift; path = AppDelegate.swift; sourceTree = "<group>"; };
		9795DF7B1C7456E600F4307F /* Base */ = {isa = PBXFileReference; lastKnownFileType = file.storyboard; name = Base; path = Base.lproj/Main.storyboard; sourceTree = "<group>"; };
		9795DF7D1C7456E600F4307F /* Assets.xcassets */ = {isa = PBXFileReference; lastKnownFileType = folder.assetcatalog; path = Assets.xcassets; sourceTree = "<group>"; };
		9795DF801C7456E600F4307F /* Base */ = {isa = PBXFileReference; lastKnownFileType = file.storyboard; name = Base; path = Base.lproj/LaunchScreen.storyboard; sourceTree = "<group>"; };
		9795DF821C7456E600F4307F /* Info.plist */ = {isa = PBXFileReference; lastKnownFileType = text.plist.xml; path = Info.plist; sourceTree = "<group>"; };
		9795DF8B1C7460F800F4307F /* SYHomeViewController.swift */ = {isa = PBXFileReference; fileEncoding = 4; lastKnownFileType = sourcecode.swift; path = SYHomeViewController.swift; sourceTree = "<group>"; };
		9795DF911C74615C00F4307F /* SYHomeModel.swift */ = {isa = PBXFileReference; fileEncoding = 4; lastKnownFileType = sourcecode.swift; path = SYHomeModel.swift; sourceTree = "<group>"; };
		9795DF931C74617800F4307F /* SYRankingViewController.swift */ = {isa = PBXFileReference; fileEncoding = 4; lastKnownFileType = sourcecode.swift; path = SYRankingViewController.swift; sourceTree = "<group>"; };
		9795DF951C74619A00F4307F /* SYRankingModel.swift */ = {isa = PBXFileReference; fileEncoding = 4; lastKnownFileType = sourcecode.swift; path = SYRankingModel.swift; sourceTree = "<group>"; };
		9795DF9A1C746A3800F4307F /* SYDataBaseManager.swift */ = {isa = PBXFileReference; fileEncoding = 4; lastKnownFileType = sourcecode.swift; path = SYDataBaseManager.swift; sourceTree = "<group>"; };
		9795DF9C1C746A4500F4307F /* SYHttpManager.swift */ = {isa = PBXFileReference; fileEncoding = 4; lastKnownFileType = sourcecode.swift; path = SYHttpManager.swift; sourceTree = "<group>"; };
		9795DFA01C74714E00F4307F /* BaseManager.swift */ = {isa = PBXFileReference; fileEncoding = 4; lastKnownFileType = sourcecode.swift; path = BaseManager.swift; sourceTree = "<group>"; };
		9795DFA21C748BFB00F4307F /* Default-568h@2x.png */ = {isa = PBXFileReference; lastKnownFileType = image.png; path = "Default-568h@2x.png"; sourceTree = "<group>"; };
		97FB57CF1C7AAE9F00CF06BA /* SYListDetailViewController.swift */ = {isa = PBXFileReference; fileEncoding = 4; lastKnownFileType = sourcecode.swift; path = SYListDetailViewController.swift; sourceTree = "<group>"; };
		97FB57D11C7AAEBA00CF06BA /* SYListDetailModel.swift */ = {isa = PBXFileReference; fileEncoding = 4; lastKnownFileType = sourcecode.swift; path = SYListDetailModel.swift; sourceTree = "<group>"; };
		97FB57D31C7AAEDA00CF06BA /* SYListDetailTableViewCell.swift */ = {isa = PBXFileReference; fileEncoding = 4; lastKnownFileType = sourcecode.swift; path = SYListDetailTableViewCell.swift; sourceTree = "<group>"; };
		97FB57D51C7B41B200CF06BA /* SYListQuestionTableViewCell.swift */ = {isa = PBXFileReference; fileEncoding = 4; lastKnownFileType = sourcecode.swift; path = SYListQuestionTableViewCell.swift; sourceTree = "<group>"; };
		97FCFAB11C7C5B4700AD78FA /* universalManager.swift */ = {isa = PBXFileReference; fileEncoding = 4; lastKnownFileType = sourcecode.swift; path = universalManager.swift; sourceTree = "<group>"; };
		97FCFAB51C7D69F500AD78FA /* SYArticleDetailViewController.swift */ = {isa = PBXFileReference; fileEncoding = 4; lastKnownFileType = sourcecode.swift; path = SYArticleDetailViewController.swift; sourceTree = "<group>"; };
		97FCFABD1C7F168500AD78FA /* SYUserViewController.swift */ = {isa = PBXFileReference; fileEncoding = 4; lastKnownFileType = sourcecode.swift; path = SYUserViewController.swift; sourceTree = "<group>"; };
		97FCFABF1C7F169900AD78FA /* SYUserModel.swift */ = {isa = PBXFileReference; fileEncoding = 4; lastKnownFileType = sourcecode.swift; path = SYUserModel.swift; sourceTree = "<group>"; };
		97FCFAC11C7F16B400AD78FA /* SYUserTableViewCell.swift */ = {isa = PBXFileReference; fileEncoding = 4; lastKnownFileType = sourcecode.swift; path = SYUserTableViewCell.swift; sourceTree = "<group>"; };
		97FCFAC31C7FF96400AD78FA /* SYHighAnswerTableViewCell.swift */ = {isa = PBXFileReference; fileEncoding = 4; lastKnownFileType = sourcecode.swift; path = SYHighAnswerTableViewCell.swift; sourceTree = "<group>"; };
		97FCFAC51C83FF9C00AD78FA /* SYConsentViewController.swift */ = {isa = PBXFileReference; fileEncoding = 4; lastKnownFileType = sourcecode.swift; path = SYConsentViewController.swift; sourceTree = "<group>"; };
		97FCFAC71C84029A00AD78FA /* SYConsentTableViewCell.swift */ = {isa = PBXFileReference; fileEncoding = 4; lastKnownFileType = sourcecode.swift; path = SYConsentTableViewCell.swift; sourceTree = "<group>"; };
		97FCFAC91C8403C200AD78FA /* SYConsentModel.swift */ = {isa = PBXFileReference; fileEncoding = 4; lastKnownFileType = sourcecode.swift; path = SYConsentModel.swift; sourceTree = "<group>"; };
		97FCFACC1C85472300AD78FA /* SYTopUserTableViewCell.swift */ = {isa = PBXFileReference; fileEncoding = 4; lastKnownFileType = sourcecode.swift; path = SYTopUserTableViewCell.swift; sourceTree = "<group>"; };
		9E1EC9E76E1B45621F20FCA3 /* Pods-SYKanZhihu.debug.xcconfig */ = {isa = PBXFileReference; includeInIndex = 1; lastKnownFileType = text.xcconfig; name = "Pods-SYKanZhihu.debug.xcconfig"; path = "Pods/Target Support Files/Pods-SYKanZhihu/Pods-SYKanZhihu.debug.xcconfig"; sourceTree = "<group>"; };
/* End PBXFileReference section */

/* Begin PBXFrameworksBuildPhase section */
		9795DF701C7456E600F4307F /* Frameworks */ = {
			isa = PBXFrameworksBuildPhase;
			buildActionMask = 2147483647;
			files = (
				E693E3F9B2F0103737595E3A /* Pods_SYKanZhihu.framework in Frameworks */,
			);
			runOnlyForDeploymentPostprocessing = 0;
		};
/* End PBXFrameworksBuildPhase section */

/* Begin PBXGroup section */
		39A68A53A3C6DFC3AE504CDB /* Pods */ = {
			isa = PBXGroup;
			children = (
				9E1EC9E76E1B45621F20FCA3 /* Pods-SYKanZhihu.debug.xcconfig */,
				640B06AFF76B11A9913F9F57 /* Pods-SYKanZhihu.release.xcconfig */,
			);
			name = Pods;
			sourceTree = "<group>";
		};
		971957811C760B1C0069C7B4 /* View */ = {
			isa = PBXGroup;
			children = (
				971957821C760B360069C7B4 /* SYHomeTableViewCell.swift */,
			);
			path = View;
			sourceTree = "<group>";
		};
		9795DF6A1C7456E600F4307F = {
			isa = PBXGroup;
			children = (
				9795DFA21C748BFB00F4307F /* Default-568h@2x.png */,
				9795DF751C7456E600F4307F /* SYKanZhihu */,
				9795DF741C7456E600F4307F /* Products */,
				39A68A53A3C6DFC3AE504CDB /* Pods */,
				F3302FA8222A6F6447FEAEE1 /* Frameworks */,
			);
			sourceTree = "<group>";
		};
		9795DF741C7456E600F4307F /* Products */ = {
			isa = PBXGroup;
			children = (
				9795DF731C7456E600F4307F /* SYKanZhihu.app */,
			);
			name = Products;
			sourceTree = "<group>";
		};
		9795DF751C7456E600F4307F /* SYKanZhihu */ = {
			isa = PBXGroup;
			children = (
				9795DF881C7460F800F4307F /* Class */,
				9795DF761C7456E600F4307F /* AppDelegate.swift */,
				9795DF7A1C7456E600F4307F /* Main.storyboard */,
				9795DF7D1C7456E600F4307F /* Assets.xcassets */,
				9795DF7F1C7456E600F4307F /* LaunchScreen.storyboard */,
				9795DF821C7456E600F4307F /* Info.plist */,
			);
			path = SYKanZhihu;
			sourceTree = "<group>";
		};
		9795DF881C7460F800F4307F /* Class */ = {
			isa = PBXGroup;
			children = (
				9795DF891C7460F800F4307F /* Home */,
				97FB57CB1C7AAE6C00CF06BA /* ListDetail */,
				97FCFAB71C7F165300AD78FA /* User */,
				97FCFAB31C7D69B500AD78FA /* ArticleDetail */,
				9795DF8D1C7460F800F4307F /* Ranking */,
				9795DF971C74670700F4307F /* Manager */,
			);
			path = Class;
			sourceTree = "<group>";
		};
		9795DF891C7460F800F4307F /* Home */ = {
			isa = PBXGroup;
			children = (
				9795DF8C1C7460F800F4307F /* Model */,
				971957811C760B1C0069C7B4 /* View */,
				9795DF8A1C7460F800F4307F /* Controller */,
			);
			path = Home;
			sourceTree = "<group>";
		};
		9795DF8A1C7460F800F4307F /* Controller */ = {
			isa = PBXGroup;
			children = (
				9795DF8B1C7460F800F4307F /* SYHomeViewController.swift */,
			);
			path = Controller;
			sourceTree = "<group>";
		};
		9795DF8C1C7460F800F4307F /* Model */ = {
			isa = PBXGroup;
			children = (
				9795DF911C74615C00F4307F /* SYHomeModel.swift */,
			);
			path = Model;
			sourceTree = "<group>";
		};
		9795DF8D1C7460F800F4307F /* Ranking */ = {
			isa = PBXGroup;
			children = (
				97FCFACB1C85470F00AD78FA /* View */,
				9795DF8E1C7460F800F4307F /* Controller */,
				9795DF8F1C7460F800F4307F /* Model */,
			);
			path = Ranking;
			sourceTree = "<group>";
		};
		9795DF8E1C7460F800F4307F /* Controller */ = {
			isa = PBXGroup;
			children = (
				9795DF931C74617800F4307F /* SYRankingViewController.swift */,
			);
			path = Controller;
			sourceTree = "<group>";
		};
		9795DF8F1C7460F800F4307F /* Model */ = {
			isa = PBXGroup;
			children = (
				9795DF951C74619A00F4307F /* SYRankingModel.swift */,
			);
			path = Model;
			sourceTree = "<group>";
		};
		9795DF971C74670700F4307F /* Manager */ = {
			isa = PBXGroup;
			children = (
				9795DF981C74670700F4307F /* SYDataBaseManager */,
				9795DF991C74670700F4307F /* SYHttpManager */,
				9795DFA01C74714E00F4307F /* BaseManager.swift */,
				97FCFAB11C7C5B4700AD78FA /* universalManager.swift */,
			);
			path = Manager;
			sourceTree = "<group>";
		};
		9795DF981C74670700F4307F /* SYDataBaseManager */ = {
			isa = PBXGroup;
			children = (
				9795DF9A1C746A3800F4307F /* SYDataBaseManager.swift */,
			);
			path = SYDataBaseManager;
			sourceTree = "<group>";
		};
		9795DF991C74670700F4307F /* SYHttpManager */ = {
			isa = PBXGroup;
			children = (
				9795DF9C1C746A4500F4307F /* SYHttpManager.swift */,
			);
			path = SYHttpManager;
			sourceTree = "<group>";
		};
		97FB57CB1C7AAE6C00CF06BA /* ListDetail */ = {
			isa = PBXGroup;
			children = (
				97FB57CC1C7AAE6C00CF06BA /* Controller */,
				97FB57CD1C7AAE6C00CF06BA /* Model */,
				97FB57CE1C7AAE6C00CF06BA /* View */,
			);
			path = ListDetail;
			sourceTree = "<group>";
		};
		97FB57CC1C7AAE6C00CF06BA /* Controller */ = {
			isa = PBXGroup;
			children = (
				97FB57CF1C7AAE9F00CF06BA /* SYListDetailViewController.swift */,
			);
			path = Controller;
			sourceTree = "<group>";
		};
		97FB57CD1C7AAE6C00CF06BA /* Model */ = {
			isa = PBXGroup;
			children = (
				97FB57D11C7AAEBA00CF06BA /* SYListDetailModel.swift */,
			);
			path = Model;
			sourceTree = "<group>";
		};
		97FB57CE1C7AAE6C00CF06BA /* View */ = {
			isa = PBXGroup;
			children = (
				97FB57D31C7AAEDA00CF06BA /* SYListDetailTableViewCell.swift */,
				97FB57D51C7B41B200CF06BA /* SYListQuestionTableViewCell.swift */,
			);
			path = View;
			sourceTree = "<group>";
		};
		97FCFAB31C7D69B500AD78FA /* ArticleDetail */ = {
			isa = PBXGroup;
			children = (
				97FCFAB41C7D69B500AD78FA /* Controller */,
			);
			path = ArticleDetail;
			sourceTree = "<group>";
		};
		97FCFAB41C7D69B500AD78FA /* Controller */ = {
			isa = PBXGroup;
			children = (
				97FCFAB51C7D69F500AD78FA /* SYArticleDetailViewController.swift */,
			);
			path = Controller;
			sourceTree = "<group>";
		};
		97FCFAB71C7F165300AD78FA /* User */ = {
			isa = PBXGroup;
			children = (
				97FCFAB81C7F165300AD78FA /* Controller */,
				97FCFAB91C7F165300AD78FA /* Model */,
				97FCFABA1C7F165300AD78FA /* View */,
			);
			path = User;
			sourceTree = "<group>";
		};
		97FCFAB81C7F165300AD78FA /* Controller */ = {
			isa = PBXGroup;
			children = (
				97FCFABD1C7F168500AD78FA /* SYUserViewController.swift */,
				97FCFAC51C83FF9C00AD78FA /* SYConsentViewController.swift */,
			);
			path = Controller;
			sourceTree = "<group>";
		};
		97FCFAB91C7F165300AD78FA /* Model */ = {
			isa = PBXGroup;
			children = (
				97FCFABF1C7F169900AD78FA /* SYUserModel.swift */,
				97FCFAC91C8403C200AD78FA /* SYConsentModel.swift */,
			);
			path = Model;
			sourceTree = "<group>";
		};
		97FCFABA1C7F165300AD78FA /* View */ = {
			isa = PBXGroup;
			children = (
				97FCFAC11C7F16B400AD78FA /* SYUserTableViewCell.swift */,
				97FCFAC31C7FF96400AD78FA /* SYHighAnswerTableViewCell.swift */,
				97FCFAC71C84029A00AD78FA /* SYConsentTableViewCell.swift */,
			);
			path = View;
			sourceTree = "<group>";
		};
		97FCFACB1C85470F00AD78FA /* View */ = {
			isa = PBXGroup;
			children = (
				97FCFACC1C85472300AD78FA /* SYTopUserTableViewCell.swift */,
			);
			path = View;
			sourceTree = "<group>";
		};
		F3302FA8222A6F6447FEAEE1 /* Frameworks */ = {
			isa = PBXGroup;
			children = (
				93E78118EC9848EA0695C229 /* Pods_SYKanZhihu.framework */,
			);
			name = Frameworks;
			sourceTree = "<group>";
		};
/* End PBXGroup section */

/* Begin PBXNativeTarget section */
		9795DF721C7456E600F4307F /* SYKanZhihu */ = {
			isa = PBXNativeTarget;
			buildConfigurationList = 9795DF851C7456E600F4307F /* Build configuration list for PBXNativeTarget "SYKanZhihu" */;
			buildPhases = (
				01D13C93057975633D2C8E80 /* Check Pods Manifest.lock */,
				9795DF6F1C7456E600F4307F /* Sources */,
				9795DF701C7456E600F4307F /* Frameworks */,
				9795DF711C7456E600F4307F /* Resources */,
				DE66A91A3998B9BC08B3E87B /* Embed Pods Frameworks */,
				D5C5C3F107D37492FAEC776B /* Copy Pods Resources */,
			);
			buildRules = (
			);
			dependencies = (
			);
			name = SYKanZhihu;
			productName = SYKanZhihu;
			productReference = 9795DF731C7456E600F4307F /* SYKanZhihu.app */;
			productType = "com.apple.product-type.application";
		};
/* End PBXNativeTarget section */

/* Begin PBXProject section */
		9795DF6B1C7456E600F4307F /* Project object */ = {
			isa = PBXProject;
			attributes = {
				LastSwiftUpdateCheck = 0720;
				LastUpgradeCheck = 0720;
				ORGANIZATIONNAME = shiyue;
				TargetAttributes = {
					9795DF721C7456E600F4307F = {
						CreatedOnToolsVersion = 7.2.1;
						DevelopmentTeam = 9N99GRV8KF;
					};
				};
			};
			buildConfigurationList = 9795DF6E1C7456E600F4307F /* Build configuration list for PBXProject "SYKanZhihu" */;
			compatibilityVersion = "Xcode 3.2";
			developmentRegion = English;
			hasScannedForEncodings = 0;
			knownRegions = (
				en,
				Base,
			);
			mainGroup = 9795DF6A1C7456E600F4307F;
			productRefGroup = 9795DF741C7456E600F4307F /* Products */;
			projectDirPath = "";
			projectRoot = "";
			targets = (
				9795DF721C7456E600F4307F /* SYKanZhihu */,
			);
		};
/* End PBXProject section */

/* Begin PBXResourcesBuildPhase section */
		9795DF711C7456E600F4307F /* Resources */ = {
			isa = PBXResourcesBuildPhase;
			buildActionMask = 2147483647;
			files = (
				9795DF811C7456E600F4307F /* LaunchScreen.storyboard in Resources */,
				9795DFA31C748BFB00F4307F /* Default-568h@2x.png in Resources */,
				9795DF7E1C7456E600F4307F /* Assets.xcassets in Resources */,
				9795DF7C1C7456E600F4307F /* Main.storyboard in Resources */,
			);
			runOnlyForDeploymentPostprocessing = 0;
		};
/* End PBXResourcesBuildPhase section */

/* Begin PBXShellScriptBuildPhase section */
		01D13C93057975633D2C8E80 /* Check Pods Manifest.lock */ = {
			isa = PBXShellScriptBuildPhase;
			buildActionMask = 2147483647;
			files = (
			);
			inputPaths = (
			);
			name = "Check Pods Manifest.lock";
			outputPaths = (
			);
			runOnlyForDeploymentPostprocessing = 0;
			shellPath = /bin/sh;
			shellScript = "diff \"${PODS_ROOT}/../Podfile.lock\" \"${PODS_ROOT}/Manifest.lock\" > /dev/null\nif [[ $? != 0 ]] ; then\n    cat << EOM\nerror: The sandbox is not in sync with the Podfile.lock. Run 'pod install' or update your CocoaPods installation.\nEOM\n    exit 1\nfi\n";
			showEnvVarsInLog = 0;
		};
		D5C5C3F107D37492FAEC776B /* Copy Pods Resources */ = {
			isa = PBXShellScriptBuildPhase;
			buildActionMask = 2147483647;
			files = (
			);
			inputPaths = (
			);
			name = "Copy Pods Resources";
			outputPaths = (
			);
			runOnlyForDeploymentPostprocessing = 0;
			shellPath = /bin/sh;
			shellScript = "\"${SRCROOT}/Pods/Target Support Files/Pods-SYKanZhihu/Pods-SYKanZhihu-resources.sh\"\n";
			showEnvVarsInLog = 0;
		};
		DE66A91A3998B9BC08B3E87B /* Embed Pods Frameworks */ = {
			isa = PBXShellScriptBuildPhase;
			buildActionMask = 2147483647;
			files = (
			);
			inputPaths = (
			);
			name = "Embed Pods Frameworks";
			outputPaths = (
			);
			runOnlyForDeploymentPostprocessing = 0;
			shellPath = /bin/sh;
			shellScript = "\"${SRCROOT}/Pods/Target Support Files/Pods-SYKanZhihu/Pods-SYKanZhihu-frameworks.sh\"\n";
			showEnvVarsInLog = 0;
		};
/* End PBXShellScriptBuildPhase section */

/* Begin PBXSourcesBuildPhase section */
		9795DF6F1C7456E600F4307F /* Sources */ = {
			isa = PBXSourcesBuildPhase;
			buildActionMask = 2147483647;
			files = (
				9795DF921C74615C00F4307F /* SYHomeModel.swift in Sources */,
				97FCFAB21C7C5B4700AD78FA /* universalManager.swift in Sources */,
				97FCFAC21C7F16B400AD78FA /* SYUserTableViewCell.swift in Sources */,
				97FB57D61C7B41B200CF06BA /* SYListQuestionTableViewCell.swift in Sources */,
				9795DF941C74617800F4307F /* SYRankingViewController.swift in Sources */,
				9795DFA11C74714E00F4307F /* BaseManager.swift in Sources */,
				97FCFAC81C84029A00AD78FA /* SYConsentTableViewCell.swift in Sources */,
				971957831C760B360069C7B4 /* SYHomeTableViewCell.swift in Sources */,
				97FCFACA1C8403C200AD78FA /* SYConsentModel.swift in Sources */,
				97FB57D41C7AAEDA00CF06BA /* SYListDetailTableViewCell.swift in Sources */,
				97FB57D01C7AAE9F00CF06BA /* SYListDetailViewController.swift in Sources */,
				97FCFAC01C7F169900AD78FA /* SYUserModel.swift in Sources */,
				9795DF9B1C746A3800F4307F /* SYDataBaseManager.swift in Sources */,
				97FCFAB61C7D69F500AD78FA /* SYArticleDetailViewController.swift in Sources */,
				9795DF961C74619A00F4307F /* SYRankingModel.swift in Sources */,
				97FB57D21C7AAEBA00CF06BA /* SYListDetailModel.swift in Sources */,
				9795DF901C7460F800F4307F /* SYHomeViewController.swift in Sources */,
				97FCFACD1C85472300AD78FA /* SYTopUserTableViewCell.swift in Sources */,
				9795DF9D1C746A4500F4307F /* SYHttpManager.swift in Sources */,
				9795DF771C7456E600F4307F /* AppDelegate.swift in Sources */,
				97FCFAC61C83FF9C00AD78FA /* SYConsentViewController.swift in Sources */,
				97FCFABE1C7F168500AD78FA /* SYUserViewController.swift in Sources */,
				97FCFAC41C7FF96400AD78FA /* SYHighAnswerTableViewCell.swift in Sources */,
			);
			runOnlyForDeploymentPostprocessing = 0;
		};
/* End PBXSourcesBuildPhase section */

/* Begin PBXVariantGroup section */
		9795DF7A1C7456E600F4307F /* Main.storyboard */ = {
			isa = PBXVariantGroup;
			children = (
				9795DF7B1C7456E600F4307F /* Base */,
			);
			name = Main.storyboard;
			sourceTree = "<group>";
		};
		9795DF7F1C7456E600F4307F /* LaunchScreen.storyboard */ = {
			isa = PBXVariantGroup;
			children = (
				9795DF801C7456E600F4307F /* Base */,
			);
			name = LaunchScreen.storyboard;
			sourceTree = "<group>";
		};
/* End PBXVariantGroup section */

/* Begin XCBuildConfiguration section */
		9795DF831C7456E600F4307F /* Debug */ = {
			isa = XCBuildConfiguration;
			buildSettings = {
				ALWAYS_SEARCH_USER_PATHS = NO;
				CLANG_CXX_LANGUAGE_STANDARD = "gnu++0x";
				CLANG_CXX_LIBRARY = "libc++";
				CLANG_ENABLE_MODULES = YES;
				CLANG_ENABLE_OBJC_ARC = YES;
				CLANG_WARN_BOOL_CONVERSION = YES;
				CLANG_WARN_CONSTANT_CONVERSION = YES;
				CLANG_WARN_DIRECT_OBJC_ISA_USAGE = YES_ERROR;
				CLANG_WARN_EMPTY_BODY = YES;
				CLANG_WARN_ENUM_CONVERSION = YES;
				CLANG_WARN_INT_CONVERSION = YES;
				CLANG_WARN_OBJC_ROOT_CLASS = YES_ERROR;
				CLANG_WARN_UNREACHABLE_CODE = YES;
				CLANG_WARN__DUPLICATE_METHOD_MATCH = YES;
				"CODE_SIGN_IDENTITY[sdk=iphoneos*]" = "iPhone Developer";
				COPY_PHASE_STRIP = NO;
				DEBUG_INFORMATION_FORMAT = dwarf;
				ENABLE_STRICT_OBJC_MSGSEND = YES;
				ENABLE_TESTABILITY = YES;
				GCC_C_LANGUAGE_STANDARD = gnu99;
				GCC_DYNAMIC_NO_PIC = NO;
				GCC_NO_COMMON_BLOCKS = YES;
				GCC_OPTIMIZATION_LEVEL = 0;
				GCC_PREPROCESSOR_DEFINITIONS = (
					"DEBUG=1",
					"$(inherited)",
				);
				GCC_WARN_64_TO_32_BIT_CONVERSION = YES;
				GCC_WARN_ABOUT_RETURN_TYPE = YES_ERROR;
				GCC_WARN_UNDECLARED_SELECTOR = YES;
				GCC_WARN_UNINITIALIZED_AUTOS = YES_AGGRESSIVE;
				GCC_WARN_UNUSED_FUNCTION = YES;
				GCC_WARN_UNUSED_VARIABLE = YES;
				IPHONEOS_DEPLOYMENT_TARGET = 9.2;
				MTL_ENABLE_DEBUG_INFO = YES;
				ONLY_ACTIVE_ARCH = YES;
				SDKROOT = iphoneos;
				SWIFT_OPTIMIZATION_LEVEL = "-Onone";
			};
			name = Debug;
		};
		9795DF841C7456E600F4307F /* Release */ = {
			isa = XCBuildConfiguration;
			buildSettings = {
				ALWAYS_SEARCH_USER_PATHS = NO;
				CLANG_CXX_LANGUAGE_STANDARD = "gnu++0x";
				CLANG_CXX_LIBRARY = "libc++";
				CLANG_ENABLE_MODULES = YES;
				CLANG_ENABLE_OBJC_ARC = YES;
				CLANG_WARN_BOOL_CONVERSION = YES;
				CLANG_WARN_CONSTANT_CONVERSION = YES;
				CLANG_WARN_DIRECT_OBJC_ISA_USAGE = YES_ERROR;
				CLANG_WARN_EMPTY_BODY = YES;
				CLANG_WARN_ENUM_CONVERSION = YES;
				CLANG_WARN_INT_CONVERSION = YES;
				CLANG_WARN_OBJC_ROOT_CLASS = YES_ERROR;
				CLANG_WARN_UNREACHABLE_CODE = YES;
				CLANG_WARN__DUPLICATE_METHOD_MATCH = YES;
				"CODE_SIGN_IDENTITY[sdk=iphoneos*]" = "iPhone Developer";
				COPY_PHASE_STRIP = NO;
				DEBUG_INFORMATION_FORMAT = "dwarf-with-dsym";
				ENABLE_NS_ASSERTIONS = NO;
				ENABLE_STRICT_OBJC_MSGSEND = YES;
				GCC_C_LANGUAGE_STANDARD = gnu99;
				GCC_NO_COMMON_BLOCKS = YES;
				GCC_WARN_64_TO_32_BIT_CONVERSION = YES;
				GCC_WARN_ABOUT_RETURN_TYPE = YES_ERROR;
				GCC_WARN_UNDECLARED_SELECTOR = YES;
				GCC_WARN_UNINITIALIZED_AUTOS = YES_AGGRESSIVE;
				GCC_WARN_UNUSED_FUNCTION = YES;
				GCC_WARN_UNUSED_VARIABLE = YES;
				IPHONEOS_DEPLOYMENT_TARGET = 9.2;
				MTL_ENABLE_DEBUG_INFO = NO;
				SDKROOT = iphoneos;
				VALIDATE_PRODUCT = YES;
			};
			name = Release;
		};
		9795DF861C7456E600F4307F /* Debug */ = {
			isa = XCBuildConfiguration;
			baseConfigurationReference = 9E1EC9E76E1B45621F20FCA3 /* Pods-SYKanZhihu.debug.xcconfig */;
			buildSettings = {
				ASSETCATALOG_COMPILER_APPICON_NAME = AppIcon;
				FRAMEWORK_SEARCH_PATHS = (
					"$(inherited)",
					"$(PROJECT_DIR)/Carthage/Build/iOS",
				);
				INFOPLIST_FILE = SYKanZhihu/Info.plist;
				LD_RUNPATH_SEARCH_PATHS = "$(inherited) @executable_path/Frameworks";
				PRODUCT_BUNDLE_IDENTIFIER = com.bitwaker.SYKanZhihu;
				PRODUCT_NAME = "$(TARGET_NAME)";
			};
			name = Debug;
		};
		9795DF871C7456E600F4307F /* Release */ = {
			isa = XCBuildConfiguration;
			baseConfigurationReference = 640B06AFF76B11A9913F9F57 /* Pods-SYKanZhihu.release.xcconfig */;
			buildSettings = {
				ASSETCATALOG_COMPILER_APPICON_NAME = AppIcon;
				FRAMEWORK_SEARCH_PATHS = (
					"$(inherited)",
					"$(PROJECT_DIR)/Carthage/Build/iOS",
				);
				INFOPLIST_FILE = SYKanZhihu/Info.plist;
				LD_RUNPATH_SEARCH_PATHS = "$(inherited) @executable_path/Frameworks";
				PRODUCT_BUNDLE_IDENTIFIER = com.bitwaker.SYKanZhihu;
				PRODUCT_NAME = "$(TARGET_NAME)";
			};
			name = Release;
		};
/* End XCBuildConfiguration section */

/* Begin XCConfigurationList section */
		9795DF6E1C7456E600F4307F /* Build configuration list for PBXProject "SYKanZhihu" */ = {
			isa = XCConfigurationList;
			buildConfigurations = (
				9795DF831C7456E600F4307F /* Debug */,
				9795DF841C7456E600F4307F /* Release */,
			);
			defaultConfigurationIsVisible = 0;
			defaultConfigurationName = Release;
		};
		9795DF851C7456E600F4307F /* Build configuration list for PBXNativeTarget "SYKanZhihu" */ = {
			isa = XCConfigurationList;
			buildConfigurations = (
				9795DF861C7456E600F4307F /* Debug */,
				9795DF871C7456E600F4307F /* Release */,
			);
			defaultConfigurationIsVisible = 0;
			defaultConfigurationName = Release;
		};
/* End XCConfigurationList section */
	};
	rootObject = 9795DF6B1C7456E600F4307F /* Project object */;
}
